
Microsoft Visual Studio Solution File, Format Version 12.00
# Visual Studio 15
VisualStudioVersion = 15.0.27703.2035
MinimumVisualStudioVersion = 10.0.40219.1
Project("{FAE04EC0-301F-11D3-BF4B-00C04F79EFBC}") = "VegaCompagny", "VegaCompagny\VegaCompagny.csproj", "{FCAB8750-7E94-4935-A8AA-CF78D9391B50}"
EndProject
Global
	GlobalSection(SolutionConfigurationPlatforms) = preSolution
		Debug|Any CPU = Debug|Any CPU
		Release|Any CPU = Release|Any CPU
	EndGlobalSection
	GlobalSection(ProjectConfigurationPlatforms) = postSolution
		{FCAB8750-7E94-4935-A8AA-CF78D9391B50}.Debug|Any CPU.ActiveCfg = Debug|Any CPU
		{FCAB8750-7E94-4935-A8AA-CF78D9391B50}.Debug|Any CPU.Build.0 = Debug|Any CPU
		{FCAB8750-7E94-4935-A8AA-CF78D9391B50}.Release|Any CPU.ActiveCfg = Release|Any CPU
		{FCAB8750-7E94-4935-A8AA-CF78D9391B50}.Release|Any CPU.Build.0 = Release|Any CPU
	EndGlobalSection
	GlobalSection(SolutionProperties) = preSolution
		HideSolutionNode = FALSE
	EndGlobalSection
	GlobalSection(ExtensibilityGlobals) = postSolution
		SolutionGuid = {DB8638AD-A66A-4495-AD25-68BA40B7868D}
	EndGlobalSection
EndGlobal
