
Microsoft Visual Studio Solution File, Format Version 12.00
# Visual Studio 15
VisualStudioVersion = 15.0.28307.106
MinimumVisualStudioVersion = 10.0.40219.1
Project("{9A19103F-16F7-4668-BE54-9A1E7A4F7556}") = "ZoeHome.Common", "src\ZoeHome.Common\ZoeHome.Common.csproj", "{1673E8E1-4E8B-4E8D-9AD1-2B57F3913D60}"
EndProject
Project("{9A19103F-16F7-4668-BE54-9A1E7A4F7556}") = "ZoeHome.Domain", "src\ZoeHome.Domain\ZoeHome.Domain.csproj", "{6DE1D2FA-15C2-4549-8B5E-4C28BA69A445}"
EndProject
Project("{2150E333-8FDC-42A3-9474-1A3956D46DE8}") = "Common", "Common", "{F82910FF-EB37-420B-9C05-C7D43E8829A1}"
EndProject
Project("{2150E333-8FDC-42A3-9474-1A3956D46DE8}") = "Domain", "Domain", "{C0E6AA04-4A50-4CB3-955F-FE2CD0D4D65F}"
EndProject
Project("{2150E333-8FDC-42A3-9474-1A3956D46DE8}") = "WebUI", "WebUI", "{F5801E3C-4ADC-4A38-969D-3715901F2B96}"
EndProject
Project("{9A19103F-16F7-4668-BE54-9A1E7A4F7556}") = "ZoeHome.WebUI", "src\ZoeHome.WebUI\ZoeHome.WebUI.csproj", "{0E3166AF-DF56-4658-A00E-9A778C9E8CD2}"
EndProject
Project("{2150E333-8FDC-42A3-9474-1A3956D46DE8}") = "Persistence", "Persistence", "{BDB7076D-D837-4999-8BE2-2344B1B42173}"
EndProject
Project("{2150E333-8FDC-42A3-9474-1A3956D46DE8}") = "Application", "Application", "{2CD1D00A-20C8-45FE-90B0-9D02B46C6470}"
EndProject
Project("{9A19103F-16F7-4668-BE54-9A1E7A4F7556}") = "ZoeHome.Application.Interface", "src\ZoeHome.Application.Interface\ZoeHome.Application.Interface.csproj", "{78619834-A7FF-4BA9-ACBF-9BCF92EF3076}"
EndProject
Project("{9A19103F-16F7-4668-BE54-9A1E7A4F7556}") = "ZoeHome.Application", "src\ZoeHome.Application\ZoeHome.Application.csproj", "{AF1DA87D-DFED-4E86-A63E-19E74E93A062}"
EndProject
Project("{2150E333-8FDC-42A3-9474-1A3956D46DE8}") = "Infrastructure", "Infrastructure", "{992DEE5C-A01A-4175-8D4C-0E1C758696A4}"
EndProject
Project("{FAE04EC0-301F-11D3-BF4B-00C04F79EFBC}") = "ZoeHome.Infrastructure", "src\ZoeHome.Infrastructure\ZoeHome.Infrastructure.csproj", "{CE4A528E-2A5B-4CBD-9346-4F5CBE25B324}"
EndProject
Global
	GlobalSection(SolutionConfigurationPlatforms) = preSolution
		Debug|Any CPU = Debug|Any CPU
		Release|Any CPU = Release|Any CPU
	EndGlobalSection
	GlobalSection(ProjectConfigurationPlatforms) = postSolution
		{1673E8E1-4E8B-4E8D-9AD1-2B57F3913D60}.Debug|Any CPU.ActiveCfg = Debug|Any CPU
		{1673E8E1-4E8B-4E8D-9AD1-2B57F3913D60}.Debug|Any CPU.Build.0 = Debug|Any CPU
		{1673E8E1-4E8B-4E8D-9AD1-2B57F3913D60}.Release|Any CPU.ActiveCfg = Release|Any CPU
		{1673E8E1-4E8B-4E8D-9AD1-2B57F3913D60}.Release|Any CPU.Build.0 = Release|Any CPU
		{6DE1D2FA-15C2-4549-8B5E-4C28BA69A445}.Debug|Any CPU.ActiveCfg = Debug|Any CPU
		{6DE1D2FA-15C2-4549-8B5E-4C28BA69A445}.Debug|Any CPU.Build.0 = Debug|Any CPU
		{6DE1D2FA-15C2-4549-8B5E-4C28BA69A445}.Release|Any CPU.ActiveCfg = Release|Any CPU
		{6DE1D2FA-15C2-4549-8B5E-4C28BA69A445}.Release|Any CPU.Build.0 = Release|Any CPU
		{0E3166AF-DF56-4658-A00E-9A778C9E8CD2}.Debug|Any CPU.ActiveCfg = Debug|Any CPU
		{0E3166AF-DF56-4658-A00E-9A778C9E8CD2}.Debug|Any CPU.Build.0 = Debug|Any CPU
		{0E3166AF-DF56-4658-A00E-9A778C9E8CD2}.Release|Any CPU.ActiveCfg = Release|Any CPU
		{0E3166AF-DF56-4658-A00E-9A778C9E8CD2}.Release|Any CPU.Build.0 = Release|Any CPU
		{78619834-A7FF-4BA9-ACBF-9BCF92EF3076}.Debug|Any CPU.ActiveCfg = Debug|Any CPU
		{78619834-A7FF-4BA9-ACBF-9BCF92EF3076}.Debug|Any CPU.Build.0 = Debug|Any CPU
		{78619834-A7FF-4BA9-ACBF-9BCF92EF3076}.Release|Any CPU.ActiveCfg = Release|Any CPU
		{78619834-A7FF-4BA9-ACBF-9BCF92EF3076}.Release|Any CPU.Build.0 = Release|Any CPU
		{AF1DA87D-DFED-4E86-A63E-19E74E93A062}.Debug|Any CPU.ActiveCfg = Debug|Any CPU
		{AF1DA87D-DFED-4E86-A63E-19E74E93A062}.Debug|Any CPU.Build.0 = Debug|Any CPU
		{AF1DA87D-DFED-4E86-A63E-19E74E93A062}.Release|Any CPU.ActiveCfg = Release|Any CPU
		{AF1DA87D-DFED-4E86-A63E-19E74E93A062}.Release|Any CPU.Build.0 = Release|Any CPU
		{CE4A528E-2A5B-4CBD-9346-4F5CBE25B324}.Debug|Any CPU.ActiveCfg = Debug|Any CPU
		{CE4A528E-2A5B-4CBD-9346-4F5CBE25B324}.Debug|Any CPU.Build.0 = Debug|Any CPU
		{CE4A528E-2A5B-4CBD-9346-4F5CBE25B324}.Release|Any CPU.ActiveCfg = Release|Any CPU
		{CE4A528E-2A5B-4CBD-9346-4F5CBE25B324}.Release|Any CPU.Build.0 = Release|Any CPU
	EndGlobalSection
	GlobalSection(SolutionProperties) = preSolution
		HideSolutionNode = FALSE
	EndGlobalSection
	GlobalSection(NestedProjects) = preSolution
		{1673E8E1-4E8B-4E8D-9AD1-2B57F3913D60} = {F82910FF-EB37-420B-9C05-C7D43E8829A1}
		{6DE1D2FA-15C2-4549-8B5E-4C28BA69A445} = {C0E6AA04-4A50-4CB3-955F-FE2CD0D4D65F}
		{0E3166AF-DF56-4658-A00E-9A778C9E8CD2} = {F5801E3C-4ADC-4A38-969D-3715901F2B96}
		{78619834-A7FF-4BA9-ACBF-9BCF92EF3076} = {2CD1D00A-20C8-45FE-90B0-9D02B46C6470}
		{AF1DA87D-DFED-4E86-A63E-19E74E93A062} = {2CD1D00A-20C8-45FE-90B0-9D02B46C6470}
		{CE4A528E-2A5B-4CBD-9346-4F5CBE25B324} = {992DEE5C-A01A-4175-8D4C-0E1C758696A4}
	EndGlobalSection
	GlobalSection(ExtensibilityGlobals) = postSolution
		SolutionGuid = {98FECDD8-1A21-430A-AAD9-37805C9F3090}
	EndGlobalSection
EndGlobal
